
Microsoft Visual Studio Solution File, Format Version 12.00
# Visual Studio Version 17
VisualStudioVersion = 17.14.36109.1
MinimumVisualStudioVersion = 10.0.40219.1
Project("{FAE04EC0-301F-11D3-BF4B-00C04F79EFBC}") = "Dreamscene", "Dreamscene\Dreamscene.csproj", "{B4F91C9E-5A30-437D-894F-5D857F192A6E}"
EndProject
Global
	GlobalSection(SolutionConfigurationPlatforms) = preSolution
		Debug|Any CPU = Debug|Any CPU
		Release|Any CPU = Release|Any CPU
	EndGlobalSection
	GlobalSection(ProjectConfigurationPlatforms) = postSolution
		{B4F91C9E-5A30-437D-894F-5D857F192A6E}.Debug|Any CPU.ActiveCfg = Debug|Any CPU
		{B4F91C9E-5A30-437D-894F-5D857F192A6E}.Debug|Any CPU.Build.0 = Debug|Any CPU
		{B4F91C9E-5A30-437D-894F-5D857F192A6E}.Release|Any CPU.ActiveCfg = Release|Any CPU
		{B4F91C9E-5A30-437D-894F-5D857F192A6E}.Release|Any CPU.Build.0 = Release|Any CPU
	EndGlobalSection
	GlobalSection(SolutionProperties) = preSolution
		HideSolutionNode = FALSE
	EndGlobalSection
	GlobalSection(ExtensibilityGlobals) = postSolution
		SolutionGuid = {F9E9C595-CD53-479B-9737-203CB582555B}
	EndGlobalSection
EndGlobal
